
Microsoft Visual Studio Solution File, Format Version 12.00
# Visual Studio 14
VisualStudioVersion = 14.0.24720.0
MinimumVisualStudioVersion = 10.0.40219.1
Project("{FAE04EC0-301F-11D3-BF4B-00C04F79EFBC}") = "Tesla.UWP", "Tesla\Tesla.UWP\Tesla.UWP.csproj", "{15893267-3728-4DF1-A21C-90081D6446FC}"
EndProject
Project("{FAE04EC0-301F-11D3-BF4B-00C04F79EFBC}") = "Tesla", "Tesla\Tesla\Tesla.csproj", "{4F95AD27-F77B-4B50-BFE9-F5FA014AAF39}"
EndProject
Project("{2150E333-8FDC-42A3-9474-1A3956D46DE8}") = "1 - Platform", "1 - Platform", "{5C42C934-54A9-49F1-B2B7-F4C390C65CFD}"
EndProject
Project("{2150E333-8FDC-42A3-9474-1A3956D46DE8}") = "2 - Mobile", "2 - Mobile", "{8F74959A-8776-4142-8708-011F9FA67BEB}"
EndProject
Project("{2150E333-8FDC-42A3-9474-1A3956D46DE8}") = "3 - Service", "3 - Service", "{8FFDD509-8164-474F-9EFA-AFEABE43809C}"
EndProject
Project("{2150E333-8FDC-42A3-9474-1A3956D46DE8}") = "4 - Repository", "4 - Repository", "{54534678-7D2D-42A7-8D05-4C0BD7C7C2B4}"
EndProject
Project("{2150E333-8FDC-42A3-9474-1A3956D46DE8}") = "6 - Tests", "6 - Tests", "{EF6186D9-C840-44E6-9B2A-6D29CF602408}"
EndProject
Project("{FAE04EC0-301F-11D3-BF4B-00C04F79EFBC}") = "TeslaAPI", "TeslaAPI\TeslaAPI.csproj", "{67F9D3A8-F71E-4428-913F-C37AE82CDB24}"
EndProject
Project("{FAE04EC0-301F-11D3-BF4B-00C04F79EFBC}") = "TeslaService", "TeslaService\TeslaService.csproj", "{B44B4BF7-6D1A-4859-BEB6-5C26B685C3CD}"
EndProject
Project("{2150E333-8FDC-42A3-9474-1A3956D46DE8}") = "5 - Cross Cutting", "5 - Cross Cutting", "{A662C401-3A92-49A2-B3B4-5CC17E1E4F5B}"
EndProject
Project("{FAE04EC0-301F-11D3-BF4B-00C04F79EFBC}") = "TeslaDefinition", "TeslaDefinition\TeslaDefinition.csproj", "{1F7B8409-F72F-479C-8A3B-3923234DAE42}"
EndProject
Project("{FAE04EC0-301F-11D3-BF4B-00C04F79EFBC}") = "Tesla.Tests", "Tesla\Tesla.Tests\Tesla.Tests.csproj", "{4FD0A79C-A3E7-4CD4-8ABD-3AD3DAE3C25E}"
EndProject
Global
	GlobalSection(SolutionConfigurationPlatforms) = preSolution
		Ad-Hoc|Any CPU = Ad-Hoc|Any CPU
		Ad-Hoc|ARM = Ad-Hoc|ARM
		Ad-Hoc|iPhone = Ad-Hoc|iPhone
		Ad-Hoc|iPhoneSimulator = Ad-Hoc|iPhoneSimulator
		Ad-Hoc|x64 = Ad-Hoc|x64
		Ad-Hoc|x86 = Ad-Hoc|x86
		AppStore|Any CPU = AppStore|Any CPU
		AppStore|ARM = AppStore|ARM
		AppStore|iPhone = AppStore|iPhone
		AppStore|iPhoneSimulator = AppStore|iPhoneSimulator
		AppStore|x64 = AppStore|x64
		AppStore|x86 = AppStore|x86
		Debug|Any CPU = Debug|Any CPU
		Debug|ARM = Debug|ARM
		Debug|iPhone = Debug|iPhone
		Debug|iPhoneSimulator = Debug|iPhoneSimulator
		Debug|x64 = Debug|x64
		Debug|x86 = Debug|x86
		Release|Any CPU = Release|Any CPU
		Release|ARM = Release|ARM
		Release|iPhone = Release|iPhone
		Release|iPhoneSimulator = Release|iPhoneSimulator
		Release|x64 = Release|x64
		Release|x86 = Release|x86
	EndGlobalSection
	GlobalSection(ProjectConfigurationPlatforms) = postSolution
		{15893267-3728-4DF1-A21C-90081D6446FC}.Ad-Hoc|Any CPU.ActiveCfg = Release|x86
		{15893267-3728-4DF1-A21C-90081D6446FC}.Ad-Hoc|Any CPU.Build.0 = Release|x86
		{15893267-3728-4DF1-A21C-90081D6446FC}.Ad-Hoc|Any CPU.Deploy.0 = Release|x86
		{15893267-3728-4DF1-A21C-90081D6446FC}.Ad-Hoc|ARM.ActiveCfg = Release|ARM
		{15893267-3728-4DF1-A21C-90081D6446FC}.Ad-Hoc|ARM.Build.0 = Release|ARM
		{15893267-3728-4DF1-A21C-90081D6446FC}.Ad-Hoc|ARM.Deploy.0 = Release|ARM
		{15893267-3728-4DF1-A21C-90081D6446FC}.Ad-Hoc|iPhone.ActiveCfg = Release|x86
		{15893267-3728-4DF1-A21C-90081D6446FC}.Ad-Hoc|iPhone.Build.0 = Release|x86
		{15893267-3728-4DF1-A21C-90081D6446FC}.Ad-Hoc|iPhone.Deploy.0 = Release|x86
		{15893267-3728-4DF1-A21C-90081D6446FC}.Ad-Hoc|iPhoneSimulator.ActiveCfg = Release|x86
		{15893267-3728-4DF1-A21C-90081D6446FC}.Ad-Hoc|iPhoneSimulator.Build.0 = Release|x86
		{15893267-3728-4DF1-A21C-90081D6446FC}.Ad-Hoc|iPhoneSimulator.Deploy.0 = Release|x86
		{15893267-3728-4DF1-A21C-90081D6446FC}.Ad-Hoc|x64.ActiveCfg = Release|x64
		{15893267-3728-4DF1-A21C-90081D6446FC}.Ad-Hoc|x64.Build.0 = Release|x64
		{15893267-3728-4DF1-A21C-90081D6446FC}.Ad-Hoc|x64.Deploy.0 = Release|x64
		{15893267-3728-4DF1-A21C-90081D6446FC}.Ad-Hoc|x86.ActiveCfg = Release|x86
		{15893267-3728-4DF1-A21C-90081D6446FC}.Ad-Hoc|x86.Build.0 = Release|x86
		{15893267-3728-4DF1-A21C-90081D6446FC}.Ad-Hoc|x86.Deploy.0 = Release|x86
		{15893267-3728-4DF1-A21C-90081D6446FC}.AppStore|Any CPU.ActiveCfg = Release|x86
		{15893267-3728-4DF1-A21C-90081D6446FC}.AppStore|Any CPU.Build.0 = Release|x86
		{15893267-3728-4DF1-A21C-90081D6446FC}.AppStore|Any CPU.Deploy.0 = Release|x86
		{15893267-3728-4DF1-A21C-90081D6446FC}.AppStore|ARM.ActiveCfg = Release|ARM
		{15893267-3728-4DF1-A21C-90081D6446FC}.AppStore|ARM.Build.0 = Release|ARM
		{15893267-3728-4DF1-A21C-90081D6446FC}.AppStore|ARM.Deploy.0 = Release|ARM
		{15893267-3728-4DF1-A21C-90081D6446FC}.AppStore|iPhone.ActiveCfg = Release|x86
		{15893267-3728-4DF1-A21C-90081D6446FC}.AppStore|iPhone.Build.0 = Release|x86
		{15893267-3728-4DF1-A21C-90081D6446FC}.AppStore|iPhone.Deploy.0 = Release|x86
		{15893267-3728-4DF1-A21C-90081D6446FC}.AppStore|iPhoneSimulator.ActiveCfg = Release|x86
		{15893267-3728-4DF1-A21C-90081D6446FC}.AppStore|iPhoneSimulator.Build.0 = Release|x86
		{15893267-3728-4DF1-A21C-90081D6446FC}.AppStore|iPhoneSimulator.Deploy.0 = Release|x86
		{15893267-3728-4DF1-A21C-90081D6446FC}.AppStore|x64.ActiveCfg = Release|x64
		{15893267-3728-4DF1-A21C-90081D6446FC}.AppStore|x64.Build.0 = Release|x64
		{15893267-3728-4DF1-A21C-90081D6446FC}.AppStore|x64.Deploy.0 = Release|x64
		{15893267-3728-4DF1-A21C-90081D6446FC}.AppStore|x86.ActiveCfg = Release|x86
		{15893267-3728-4DF1-A21C-90081D6446FC}.AppStore|x86.Build.0 = Release|x86
		{15893267-3728-4DF1-A21C-90081D6446FC}.AppStore|x86.Deploy.0 = Release|x86
		{15893267-3728-4DF1-A21C-90081D6446FC}.Debug|Any CPU.ActiveCfg = Debug|x86
		{15893267-3728-4DF1-A21C-90081D6446FC}.Debug|Any CPU.Build.0 = Debug|x86
		{15893267-3728-4DF1-A21C-90081D6446FC}.Debug|Any CPU.Deploy.0 = Debug|x86
		{15893267-3728-4DF1-A21C-90081D6446FC}.Debug|ARM.ActiveCfg = Debug|ARM
		{15893267-3728-4DF1-A21C-90081D6446FC}.Debug|ARM.Build.0 = Debug|ARM
		{15893267-3728-4DF1-A21C-90081D6446FC}.Debug|ARM.Deploy.0 = Debug|ARM
		{15893267-3728-4DF1-A21C-90081D6446FC}.Debug|iPhone.ActiveCfg = Debug|x86
		{15893267-3728-4DF1-A21C-90081D6446FC}.Debug|iPhoneSimulator.ActiveCfg = Debug|x86
		{15893267-3728-4DF1-A21C-90081D6446FC}.Debug|x64.ActiveCfg = Debug|x64
		{15893267-3728-4DF1-A21C-90081D6446FC}.Debug|x64.Build.0 = Debug|x64
		{15893267-3728-4DF1-A21C-90081D6446FC}.Debug|x64.Deploy.0 = Debug|x64
		{15893267-3728-4DF1-A21C-90081D6446FC}.Debug|x86.ActiveCfg = Debug|x86
		{15893267-3728-4DF1-A21C-90081D6446FC}.Debug|x86.Build.0 = Debug|x86
		{15893267-3728-4DF1-A21C-90081D6446FC}.Debug|x86.Deploy.0 = Debug|x86
		{15893267-3728-4DF1-A21C-90081D6446FC}.Release|Any CPU.ActiveCfg = Release|x86
		{15893267-3728-4DF1-A21C-90081D6446FC}.Release|ARM.ActiveCfg = Release|ARM
		{15893267-3728-4DF1-A21C-90081D6446FC}.Release|ARM.Build.0 = Release|ARM
		{15893267-3728-4DF1-A21C-90081D6446FC}.Release|ARM.Deploy.0 = Release|ARM
		{15893267-3728-4DF1-A21C-90081D6446FC}.Release|iPhone.ActiveCfg = Release|x86
		{15893267-3728-4DF1-A21C-90081D6446FC}.Release|iPhoneSimulator.ActiveCfg = Release|x86
		{15893267-3728-4DF1-A21C-90081D6446FC}.Release|x64.ActiveCfg = Release|x64
		{15893267-3728-4DF1-A21C-90081D6446FC}.Release|x64.Build.0 = Release|x64
		{15893267-3728-4DF1-A21C-90081D6446FC}.Release|x64.Deploy.0 = Release|x64
		{15893267-3728-4DF1-A21C-90081D6446FC}.Release|x86.ActiveCfg = Release|x86
		{15893267-3728-4DF1-A21C-90081D6446FC}.Release|x86.Build.0 = Release|x86
		{15893267-3728-4DF1-A21C-90081D6446FC}.Release|x86.Deploy.0 = Release|x86
		{4F95AD27-F77B-4B50-BFE9-F5FA014AAF39}.Ad-Hoc|Any CPU.ActiveCfg = Release|Any CPU
		{4F95AD27-F77B-4B50-BFE9-F5FA014AAF39}.Ad-Hoc|Any CPU.Build.0 = Release|Any CPU
		{4F95AD27-F77B-4B50-BFE9-F5FA014AAF39}.Ad-Hoc|ARM.ActiveCfg = Release|Any CPU
		{4F95AD27-F77B-4B50-BFE9-F5FA014AAF39}.Ad-Hoc|ARM.Build.0 = Release|Any CPU
		{4F95AD27-F77B-4B50-BFE9-F5FA014AAF39}.Ad-Hoc|iPhone.ActiveCfg = Release|Any CPU
		{4F95AD27-F77B-4B50-BFE9-F5FA014AAF39}.Ad-Hoc|iPhone.Build.0 = Release|Any CPU
		{4F95AD27-F77B-4B50-BFE9-F5FA014AAF39}.Ad-Hoc|iPhoneSimulator.ActiveCfg = Release|Any CPU
		{4F95AD27-F77B-4B50-BFE9-F5FA014AAF39}.Ad-Hoc|iPhoneSimulator.Build.0 = Release|Any CPU
		{4F95AD27-F77B-4B50-BFE9-F5FA014AAF39}.Ad-Hoc|x64.ActiveCfg = Release|Any CPU
		{4F95AD27-F77B-4B50-BFE9-F5FA014AAF39}.Ad-Hoc|x64.Build.0 = Release|Any CPU
		{4F95AD27-F77B-4B50-BFE9-F5FA014AAF39}.Ad-Hoc|x86.ActiveCfg = Release|Any CPU
		{4F95AD27-F77B-4B50-BFE9-F5FA014AAF39}.Ad-Hoc|x86.Build.0 = Release|Any CPU
		{4F95AD27-F77B-4B50-BFE9-F5FA014AAF39}.AppStore|Any CPU.ActiveCfg = Release|Any CPU
		{4F95AD27-F77B-4B50-BFE9-F5FA014AAF39}.AppStore|Any CPU.Build.0 = Release|Any CPU
		{4F95AD27-F77B-4B50-BFE9-F5FA014AAF39}.AppStore|ARM.ActiveCfg = Release|Any CPU
		{4F95AD27-F77B-4B50-BFE9-F5FA014AAF39}.AppStore|ARM.Build.0 = Release|Any CPU
		{4F95AD27-F77B-4B50-BFE9-F5FA014AAF39}.AppStore|iPhone.ActiveCfg = Release|Any CPU
		{4F95AD27-F77B-4B50-BFE9-F5FA014AAF39}.AppStore|iPhone.Build.0 = Release|Any CPU
		{4F95AD27-F77B-4B50-BFE9-F5FA014AAF39}.AppStore|iPhoneSimulator.ActiveCfg = Release|Any CPU
		{4F95AD27-F77B-4B50-BFE9-F5FA014AAF39}.AppStore|iPhoneSimulator.Build.0 = Release|Any CPU
		{4F95AD27-F77B-4B50-BFE9-F5FA014AAF39}.AppStore|x64.ActiveCfg = Release|Any CPU
		{4F95AD27-F77B-4B50-BFE9-F5FA014AAF39}.AppStore|x64.Build.0 = Release|Any CPU
		{4F95AD27-F77B-4B50-BFE9-F5FA014AAF39}.AppStore|x86.ActiveCfg = Release|Any CPU
		{4F95AD27-F77B-4B50-BFE9-F5FA014AAF39}.AppStore|x86.Build.0 = Release|Any CPU
		{4F95AD27-F77B-4B50-BFE9-F5FA014AAF39}.Debug|Any CPU.ActiveCfg = Debug|Any CPU
		{4F95AD27-F77B-4B50-BFE9-F5FA014AAF39}.Debug|Any CPU.Build.0 = Debug|Any CPU
		{4F95AD27-F77B-4B50-BFE9-F5FA014AAF39}.Debug|ARM.ActiveCfg = Debug|Any CPU
		{4F95AD27-F77B-4B50-BFE9-F5FA014AAF39}.Debug|ARM.Build.0 = Debug|Any CPU
		{4F95AD27-F77B-4B50-BFE9-F5FA014AAF39}.Debug|iPhone.ActiveCfg = Debug|Any CPU
		{4F95AD27-F77B-4B50-BFE9-F5FA014AAF39}.Debug|iPhone.Build.0 = Debug|Any CPU
		{4F95AD27-F77B-4B50-BFE9-F5FA014AAF39}.Debug|iPhoneSimulator.ActiveCfg = Debug|Any CPU
		{4F95AD27-F77B-4B50-BFE9-F5FA014AAF39}.Debug|iPhoneSimulator.Build.0 = Debug|Any CPU
		{4F95AD27-F77B-4B50-BFE9-F5FA014AAF39}.Debug|x64.ActiveCfg = Debug|Any CPU
		{4F95AD27-F77B-4B50-BFE9-F5FA014AAF39}.Debug|x64.Build.0 = Debug|Any CPU
		{4F95AD27-F77B-4B50-BFE9-F5FA014AAF39}.Debug|x86.ActiveCfg = Debug|Any CPU
		{4F95AD27-F77B-4B50-BFE9-F5FA014AAF39}.Debug|x86.Build.0 = Debug|Any CPU
		{4F95AD27-F77B-4B50-BFE9-F5FA014AAF39}.Release|Any CPU.ActiveCfg = Release|Any CPU
		{4F95AD27-F77B-4B50-BFE9-F5FA014AAF39}.Release|Any CPU.Build.0 = Release|Any CPU
		{4F95AD27-F77B-4B50-BFE9-F5FA014AAF39}.Release|ARM.ActiveCfg = Release|Any CPU
		{4F95AD27-F77B-4B50-BFE9-F5FA014AAF39}.Release|ARM.Build.0 = Release|Any CPU
		{4F95AD27-F77B-4B50-BFE9-F5FA014AAF39}.Release|iPhone.ActiveCfg = Release|Any CPU
		{4F95AD27-F77B-4B50-BFE9-F5FA014AAF39}.Release|iPhone.Build.0 = Release|Any CPU
		{4F95AD27-F77B-4B50-BFE9-F5FA014AAF39}.Release|iPhoneSimulator.ActiveCfg = Release|Any CPU
		{4F95AD27-F77B-4B50-BFE9-F5FA014AAF39}.Release|iPhoneSimulator.Build.0 = Release|Any CPU
		{4F95AD27-F77B-4B50-BFE9-F5FA014AAF39}.Release|x64.ActiveCfg = Release|Any CPU
		{4F95AD27-F77B-4B50-BFE9-F5FA014AAF39}.Release|x64.Build.0 = Release|Any CPU
		{4F95AD27-F77B-4B50-BFE9-F5FA014AAF39}.Release|x86.ActiveCfg = Release|Any CPU
		{4F95AD27-F77B-4B50-BFE9-F5FA014AAF39}.Release|x86.Build.0 = Release|Any CPU
		{67F9D3A8-F71E-4428-913F-C37AE82CDB24}.Ad-Hoc|Any CPU.ActiveCfg = Release|Any CPU
		{67F9D3A8-F71E-4428-913F-C37AE82CDB24}.Ad-Hoc|Any CPU.Build.0 = Release|Any CPU
		{67F9D3A8-F71E-4428-913F-C37AE82CDB24}.Ad-Hoc|ARM.ActiveCfg = Release|Any CPU
		{67F9D3A8-F71E-4428-913F-C37AE82CDB24}.Ad-Hoc|ARM.Build.0 = Release|Any CPU
		{67F9D3A8-F71E-4428-913F-C37AE82CDB24}.Ad-Hoc|iPhone.ActiveCfg = Release|Any CPU
		{67F9D3A8-F71E-4428-913F-C37AE82CDB24}.Ad-Hoc|iPhone.Build.0 = Release|Any CPU
		{67F9D3A8-F71E-4428-913F-C37AE82CDB24}.Ad-Hoc|iPhoneSimulator.ActiveCfg = Release|Any CPU
		{67F9D3A8-F71E-4428-913F-C37AE82CDB24}.Ad-Hoc|iPhoneSimulator.Build.0 = Release|Any CPU
		{67F9D3A8-F71E-4428-913F-C37AE82CDB24}.Ad-Hoc|x64.ActiveCfg = Release|Any CPU
		{67F9D3A8-F71E-4428-913F-C37AE82CDB24}.Ad-Hoc|x64.Build.0 = Release|Any CPU
		{67F9D3A8-F71E-4428-913F-C37AE82CDB24}.Ad-Hoc|x86.ActiveCfg = Release|Any CPU
		{67F9D3A8-F71E-4428-913F-C37AE82CDB24}.Ad-Hoc|x86.Build.0 = Release|Any CPU
		{67F9D3A8-F71E-4428-913F-C37AE82CDB24}.AppStore|Any CPU.ActiveCfg = Release|Any CPU
		{67F9D3A8-F71E-4428-913F-C37AE82CDB24}.AppStore|Any CPU.Build.0 = Release|Any CPU
		{67F9D3A8-F71E-4428-913F-C37AE82CDB24}.AppStore|ARM.ActiveCfg = Release|Any CPU
		{67F9D3A8-F71E-4428-913F-C37AE82CDB24}.AppStore|ARM.Build.0 = Release|Any CPU
		{67F9D3A8-F71E-4428-913F-C37AE82CDB24}.AppStore|iPhone.ActiveCfg = Release|Any CPU
		{67F9D3A8-F71E-4428-913F-C37AE82CDB24}.AppStore|iPhone.Build.0 = Release|Any CPU
		{67F9D3A8-F71E-4428-913F-C37AE82CDB24}.AppStore|iPhoneSimulator.ActiveCfg = Release|Any CPU
		{67F9D3A8-F71E-4428-913F-C37AE82CDB24}.AppStore|iPhoneSimulator.Build.0 = Release|Any CPU
		{67F9D3A8-F71E-4428-913F-C37AE82CDB24}.AppStore|x64.ActiveCfg = Release|Any CPU
		{67F9D3A8-F71E-4428-913F-C37AE82CDB24}.AppStore|x64.Build.0 = Release|Any CPU
		{67F9D3A8-F71E-4428-913F-C37AE82CDB24}.AppStore|x86.ActiveCfg = Release|Any CPU
		{67F9D3A8-F71E-4428-913F-C37AE82CDB24}.AppStore|x86.Build.0 = Release|Any CPU
		{67F9D3A8-F71E-4428-913F-C37AE82CDB24}.Debug|Any CPU.ActiveCfg = Debug|Any CPU
		{67F9D3A8-F71E-4428-913F-C37AE82CDB24}.Debug|Any CPU.Build.0 = Debug|Any CPU
		{67F9D3A8-F71E-4428-913F-C37AE82CDB24}.Debug|ARM.ActiveCfg = Debug|Any CPU
		{67F9D3A8-F71E-4428-913F-C37AE82CDB24}.Debug|ARM.Build.0 = Debug|Any CPU
		{67F9D3A8-F71E-4428-913F-C37AE82CDB24}.Debug|iPhone.ActiveCfg = Debug|Any CPU
		{67F9D3A8-F71E-4428-913F-C37AE82CDB24}.Debug|iPhone.Build.0 = Debug|Any CPU
		{67F9D3A8-F71E-4428-913F-C37AE82CDB24}.Debug|iPhoneSimulator.ActiveCfg = Debug|Any CPU
		{67F9D3A8-F71E-4428-913F-C37AE82CDB24}.Debug|iPhoneSimulator.Build.0 = Debug|Any CPU
		{67F9D3A8-F71E-4428-913F-C37AE82CDB24}.Debug|x64.ActiveCfg = Debug|Any CPU
		{67F9D3A8-F71E-4428-913F-C37AE82CDB24}.Debug|x64.Build.0 = Debug|Any CPU
		{67F9D3A8-F71E-4428-913F-C37AE82CDB24}.Debug|x86.ActiveCfg = Debug|Any CPU
		{67F9D3A8-F71E-4428-913F-C37AE82CDB24}.Debug|x86.Build.0 = Debug|Any CPU
		{67F9D3A8-F71E-4428-913F-C37AE82CDB24}.Release|Any CPU.ActiveCfg = Release|Any CPU
		{67F9D3A8-F71E-4428-913F-C37AE82CDB24}.Release|Any CPU.Build.0 = Release|Any CPU
		{67F9D3A8-F71E-4428-913F-C37AE82CDB24}.Release|ARM.ActiveCfg = Release|Any CPU
		{67F9D3A8-F71E-4428-913F-C37AE82CDB24}.Release|ARM.Build.0 = Release|Any CPU
		{67F9D3A8-F71E-4428-913F-C37AE82CDB24}.Release|iPhone.ActiveCfg = Release|Any CPU
		{67F9D3A8-F71E-4428-913F-C37AE82CDB24}.Release|iPhone.Build.0 = Release|Any CPU
		{67F9D3A8-F71E-4428-913F-C37AE82CDB24}.Release|iPhoneSimulator.ActiveCfg = Release|Any CPU
		{67F9D3A8-F71E-4428-913F-C37AE82CDB24}.Release|iPhoneSimulator.Build.0 = Release|Any CPU
		{67F9D3A8-F71E-4428-913F-C37AE82CDB24}.Release|x64.ActiveCfg = Release|Any CPU
		{67F9D3A8-F71E-4428-913F-C37AE82CDB24}.Release|x64.Build.0 = Release|Any CPU
		{67F9D3A8-F71E-4428-913F-C37AE82CDB24}.Release|x86.ActiveCfg = Release|Any CPU
		{67F9D3A8-F71E-4428-913F-C37AE82CDB24}.Release|x86.Build.0 = Release|Any CPU
		{B44B4BF7-6D1A-4859-BEB6-5C26B685C3CD}.Ad-Hoc|Any CPU.ActiveCfg = Release|Any CPU
		{B44B4BF7-6D1A-4859-BEB6-5C26B685C3CD}.Ad-Hoc|Any CPU.Build.0 = Release|Any CPU
		{B44B4BF7-6D1A-4859-BEB6-5C26B685C3CD}.Ad-Hoc|ARM.ActiveCfg = Release|Any CPU
		{B44B4BF7-6D1A-4859-BEB6-5C26B685C3CD}.Ad-Hoc|ARM.Build.0 = Release|Any CPU
		{B44B4BF7-6D1A-4859-BEB6-5C26B685C3CD}.Ad-Hoc|iPhone.ActiveCfg = Release|Any CPU
		{B44B4BF7-6D1A-4859-BEB6-5C26B685C3CD}.Ad-Hoc|iPhone.Build.0 = Release|Any CPU
		{B44B4BF7-6D1A-4859-BEB6-5C26B685C3CD}.Ad-Hoc|iPhoneSimulator.ActiveCfg = Release|Any CPU
		{B44B4BF7-6D1A-4859-BEB6-5C26B685C3CD}.Ad-Hoc|iPhoneSimulator.Build.0 = Release|Any CPU
		{B44B4BF7-6D1A-4859-BEB6-5C26B685C3CD}.Ad-Hoc|x64.ActiveCfg = Release|Any CPU
		{B44B4BF7-6D1A-4859-BEB6-5C26B685C3CD}.Ad-Hoc|x64.Build.0 = Release|Any CPU
		{B44B4BF7-6D1A-4859-BEB6-5C26B685C3CD}.Ad-Hoc|x86.ActiveCfg = Release|Any CPU
		{B44B4BF7-6D1A-4859-BEB6-5C26B685C3CD}.Ad-Hoc|x86.Build.0 = Release|Any CPU
		{B44B4BF7-6D1A-4859-BEB6-5C26B685C3CD}.AppStore|Any CPU.ActiveCfg = Release|Any CPU
		{B44B4BF7-6D1A-4859-BEB6-5C26B685C3CD}.AppStore|Any CPU.Build.0 = Release|Any CPU
		{B44B4BF7-6D1A-4859-BEB6-5C26B685C3CD}.AppStore|ARM.ActiveCfg = Release|Any CPU
		{B44B4BF7-6D1A-4859-BEB6-5C26B685C3CD}.AppStore|ARM.Build.0 = Release|Any CPU
		{B44B4BF7-6D1A-4859-BEB6-5C26B685C3CD}.AppStore|iPhone.ActiveCfg = Release|Any CPU
		{B44B4BF7-6D1A-4859-BEB6-5C26B685C3CD}.AppStore|iPhone.Build.0 = Release|Any CPU
		{B44B4BF7-6D1A-4859-BEB6-5C26B685C3CD}.AppStore|iPhoneSimulator.ActiveCfg = Release|Any CPU
		{B44B4BF7-6D1A-4859-BEB6-5C26B685C3CD}.AppStore|iPhoneSimulator.Build.0 = Release|Any CPU
		{B44B4BF7-6D1A-4859-BEB6-5C26B685C3CD}.AppStore|x64.ActiveCfg = Release|Any CPU
		{B44B4BF7-6D1A-4859-BEB6-5C26B685C3CD}.AppStore|x64.Build.0 = Release|Any CPU
		{B44B4BF7-6D1A-4859-BEB6-5C26B685C3CD}.AppStore|x86.ActiveCfg = Release|Any CPU
		{B44B4BF7-6D1A-4859-BEB6-5C26B685C3CD}.AppStore|x86.Build.0 = Release|Any CPU
		{B44B4BF7-6D1A-4859-BEB6-5C26B685C3CD}.Debug|Any CPU.ActiveCfg = Debug|Any CPU
		{B44B4BF7-6D1A-4859-BEB6-5C26B685C3CD}.Debug|Any CPU.Build.0 = Debug|Any CPU
		{B44B4BF7-6D1A-4859-BEB6-5C26B685C3CD}.Debug|ARM.ActiveCfg = Debug|Any CPU
		{B44B4BF7-6D1A-4859-BEB6-5C26B685C3CD}.Debug|ARM.Build.0 = Debug|Any CPU
		{B44B4BF7-6D1A-4859-BEB6-5C26B685C3CD}.Debug|iPhone.ActiveCfg = Debug|Any CPU
		{B44B4BF7-6D1A-4859-BEB6-5C26B685C3CD}.Debug|iPhone.Build.0 = Debug|Any CPU
		{B44B4BF7-6D1A-4859-BEB6-5C26B685C3CD}.Debug|iPhoneSimulator.ActiveCfg = Debug|Any CPU
		{B44B4BF7-6D1A-4859-BEB6-5C26B685C3CD}.Debug|iPhoneSimulator.Build.0 = Debug|Any CPU
		{B44B4BF7-6D1A-4859-BEB6-5C26B685C3CD}.Debug|x64.ActiveCfg = Debug|Any CPU
		{B44B4BF7-6D1A-4859-BEB6-5C26B685C3CD}.Debug|x64.Build.0 = Debug|Any CPU
		{B44B4BF7-6D1A-4859-BEB6-5C26B685C3CD}.Debug|x86.ActiveCfg = Debug|Any CPU
		{B44B4BF7-6D1A-4859-BEB6-5C26B685C3CD}.Debug|x86.Build.0 = Debug|Any CPU
		{B44B4BF7-6D1A-4859-BEB6-5C26B685C3CD}.Release|Any CPU.ActiveCfg = Release|Any CPU
		{B44B4BF7-6D1A-4859-BEB6-5C26B685C3CD}.Release|Any CPU.Build.0 = Release|Any CPU
		{B44B4BF7-6D1A-4859-BEB6-5C26B685C3CD}.Release|ARM.ActiveCfg = Release|Any CPU
		{B44B4BF7-6D1A-4859-BEB6-5C26B685C3CD}.Release|ARM.Build.0 = Release|Any CPU
		{B44B4BF7-6D1A-4859-BEB6-5C26B685C3CD}.Release|iPhone.ActiveCfg = Release|Any CPU
		{B44B4BF7-6D1A-4859-BEB6-5C26B685C3CD}.Release|iPhone.Build.0 = Release|Any CPU
		{B44B4BF7-6D1A-4859-BEB6-5C26B685C3CD}.Release|iPhoneSimulator.ActiveCfg = Release|Any CPU
		{B44B4BF7-6D1A-4859-BEB6-5C26B685C3CD}.Release|iPhoneSimulator.Build.0 = Release|Any CPU
		{B44B4BF7-6D1A-4859-BEB6-5C26B685C3CD}.Release|x64.ActiveCfg = Release|Any CPU
		{B44B4BF7-6D1A-4859-BEB6-5C26B685C3CD}.Release|x64.Build.0 = Release|Any CPU
		{B44B4BF7-6D1A-4859-BEB6-5C26B685C3CD}.Release|x86.ActiveCfg = Release|Any CPU
		{B44B4BF7-6D1A-4859-BEB6-5C26B685C3CD}.Release|x86.Build.0 = Release|Any CPU
		{1F7B8409-F72F-479C-8A3B-3923234DAE42}.Ad-Hoc|Any CPU.ActiveCfg = Release|Any CPU
		{1F7B8409-F72F-479C-8A3B-3923234DAE42}.Ad-Hoc|Any CPU.Build.0 = Release|Any CPU
		{1F7B8409-F72F-479C-8A3B-3923234DAE42}.Ad-Hoc|ARM.ActiveCfg = Release|Any CPU
		{1F7B8409-F72F-479C-8A3B-3923234DAE42}.Ad-Hoc|ARM.Build.0 = Release|Any CPU
		{1F7B8409-F72F-479C-8A3B-3923234DAE42}.Ad-Hoc|iPhone.ActiveCfg = Release|Any CPU
		{1F7B8409-F72F-479C-8A3B-3923234DAE42}.Ad-Hoc|iPhone.Build.0 = Release|Any CPU
		{1F7B8409-F72F-479C-8A3B-3923234DAE42}.Ad-Hoc|iPhoneSimulator.ActiveCfg = Release|Any CPU
		{1F7B8409-F72F-479C-8A3B-3923234DAE42}.Ad-Hoc|iPhoneSimulator.Build.0 = Release|Any CPU
		{1F7B8409-F72F-479C-8A3B-3923234DAE42}.Ad-Hoc|x64.ActiveCfg = Release|Any CPU
		{1F7B8409-F72F-479C-8A3B-3923234DAE42}.Ad-Hoc|x64.Build.0 = Release|Any CPU
		{1F7B8409-F72F-479C-8A3B-3923234DAE42}.Ad-Hoc|x86.ActiveCfg = Release|Any CPU
		{1F7B8409-F72F-479C-8A3B-3923234DAE42}.Ad-Hoc|x86.Build.0 = Release|Any CPU
		{1F7B8409-F72F-479C-8A3B-3923234DAE42}.AppStore|Any CPU.ActiveCfg = Release|Any CPU
		{1F7B8409-F72F-479C-8A3B-3923234DAE42}.AppStore|Any CPU.Build.0 = Release|Any CPU
		{1F7B8409-F72F-479C-8A3B-3923234DAE42}.AppStore|ARM.ActiveCfg = Release|Any CPU
		{1F7B8409-F72F-479C-8A3B-3923234DAE42}.AppStore|ARM.Build.0 = Release|Any CPU
		{1F7B8409-F72F-479C-8A3B-3923234DAE42}.AppStore|iPhone.ActiveCfg = Release|Any CPU
		{1F7B8409-F72F-479C-8A3B-3923234DAE42}.AppStore|iPhone.Build.0 = Release|Any CPU
		{1F7B8409-F72F-479C-8A3B-3923234DAE42}.AppStore|iPhoneSimulator.ActiveCfg = Release|Any CPU
		{1F7B8409-F72F-479C-8A3B-3923234DAE42}.AppStore|iPhoneSimulator.Build.0 = Release|Any CPU
		{1F7B8409-F72F-479C-8A3B-3923234DAE42}.AppStore|x64.ActiveCfg = Release|Any CPU
		{1F7B8409-F72F-479C-8A3B-3923234DAE42}.AppStore|x64.Build.0 = Release|Any CPU
		{1F7B8409-F72F-479C-8A3B-3923234DAE42}.AppStore|x86.ActiveCfg = Release|Any CPU
		{1F7B8409-F72F-479C-8A3B-3923234DAE42}.AppStore|x86.Build.0 = Release|Any CPU
		{1F7B8409-F72F-479C-8A3B-3923234DAE42}.Debug|Any CPU.ActiveCfg = Debug|Any CPU
		{1F7B8409-F72F-479C-8A3B-3923234DAE42}.Debug|Any CPU.Build.0 = Debug|Any CPU
		{1F7B8409-F72F-479C-8A3B-3923234DAE42}.Debug|ARM.ActiveCfg = Debug|Any CPU
		{1F7B8409-F72F-479C-8A3B-3923234DAE42}.Debug|ARM.Build.0 = Debug|Any CPU
		{1F7B8409-F72F-479C-8A3B-3923234DAE42}.Debug|iPhone.ActiveCfg = Debug|Any CPU
		{1F7B8409-F72F-479C-8A3B-3923234DAE42}.Debug|iPhone.Build.0 = Debug|Any CPU
		{1F7B8409-F72F-479C-8A3B-3923234DAE42}.Debug|iPhoneSimulator.ActiveCfg = Debug|Any CPU
		{1F7B8409-F72F-479C-8A3B-3923234DAE42}.Debug|iPhoneSimulator.Build.0 = Debug|Any CPU
		{1F7B8409-F72F-479C-8A3B-3923234DAE42}.Debug|x64.ActiveCfg = Debug|Any CPU
		{1F7B8409-F72F-479C-8A3B-3923234DAE42}.Debug|x64.Build.0 = Debug|Any CPU
		{1F7B8409-F72F-479C-8A3B-3923234DAE42}.Debug|x86.ActiveCfg = Debug|Any CPU
		{1F7B8409-F72F-479C-8A3B-3923234DAE42}.Debug|x86.Build.0 = Debug|Any CPU
		{1F7B8409-F72F-479C-8A3B-3923234DAE42}.Release|Any CPU.ActiveCfg = Release|Any CPU
		{1F7B8409-F72F-479C-8A3B-3923234DAE42}.Release|Any CPU.Build.0 = Release|Any CPU
		{1F7B8409-F72F-479C-8A3B-3923234DAE42}.Release|ARM.ActiveCfg = Release|Any CPU
		{1F7B8409-F72F-479C-8A3B-3923234DAE42}.Release|ARM.Build.0 = Release|Any CPU
		{1F7B8409-F72F-479C-8A3B-3923234DAE42}.Release|iPhone.ActiveCfg = Release|Any CPU
		{1F7B8409-F72F-479C-8A3B-3923234DAE42}.Release|iPhone.Build.0 = Release|Any CPU
		{1F7B8409-F72F-479C-8A3B-3923234DAE42}.Release|iPhoneSimulator.ActiveCfg = Release|Any CPU
		{1F7B8409-F72F-479C-8A3B-3923234DAE42}.Release|iPhoneSimulator.Build.0 = Release|Any CPU
		{1F7B8409-F72F-479C-8A3B-3923234DAE42}.Release|x64.ActiveCfg = Release|Any CPU
		{1F7B8409-F72F-479C-8A3B-3923234DAE42}.Release|x64.Build.0 = Release|Any CPU
		{1F7B8409-F72F-479C-8A3B-3923234DAE42}.Release|x86.ActiveCfg = Release|Any CPU
		{1F7B8409-F72F-479C-8A3B-3923234DAE42}.Release|x86.Build.0 = Release|Any CPU
		{4FD0A79C-A3E7-4CD4-8ABD-3AD3DAE3C25E}.Ad-Hoc|Any CPU.ActiveCfg = Release|Any CPU
		{4FD0A79C-A3E7-4CD4-8ABD-3AD3DAE3C25E}.Ad-Hoc|Any CPU.Build.0 = Release|Any CPU
		{4FD0A79C-A3E7-4CD4-8ABD-3AD3DAE3C25E}.Ad-Hoc|ARM.ActiveCfg = Release|Any CPU
		{4FD0A79C-A3E7-4CD4-8ABD-3AD3DAE3C25E}.Ad-Hoc|ARM.Build.0 = Release|Any CPU
		{4FD0A79C-A3E7-4CD4-8ABD-3AD3DAE3C25E}.Ad-Hoc|iPhone.ActiveCfg = Release|Any CPU
		{4FD0A79C-A3E7-4CD4-8ABD-3AD3DAE3C25E}.Ad-Hoc|iPhone.Build.0 = Release|Any CPU
		{4FD0A79C-A3E7-4CD4-8ABD-3AD3DAE3C25E}.Ad-Hoc|iPhoneSimulator.ActiveCfg = Release|Any CPU
		{4FD0A79C-A3E7-4CD4-8ABD-3AD3DAE3C25E}.Ad-Hoc|iPhoneSimulator.Build.0 = Release|Any CPU
		{4FD0A79C-A3E7-4CD4-8ABD-3AD3DAE3C25E}.Ad-Hoc|x64.ActiveCfg = Release|Any CPU
		{4FD0A79C-A3E7-4CD4-8ABD-3AD3DAE3C25E}.Ad-Hoc|x64.Build.0 = Release|Any CPU
		{4FD0A79C-A3E7-4CD4-8ABD-3AD3DAE3C25E}.Ad-Hoc|x86.ActiveCfg = Release|Any CPU
		{4FD0A79C-A3E7-4CD4-8ABD-3AD3DAE3C25E}.Ad-Hoc|x86.Build.0 = Release|Any CPU
		{4FD0A79C-A3E7-4CD4-8ABD-3AD3DAE3C25E}.AppStore|Any CPU.ActiveCfg = Release|Any CPU
		{4FD0A79C-A3E7-4CD4-8ABD-3AD3DAE3C25E}.AppStore|Any CPU.Build.0 = Release|Any CPU
		{4FD0A79C-A3E7-4CD4-8ABD-3AD3DAE3C25E}.AppStore|ARM.ActiveCfg = Release|Any CPU
		{4FD0A79C-A3E7-4CD4-8ABD-3AD3DAE3C25E}.AppStore|ARM.Build.0 = Release|Any CPU
		{4FD0A79C-A3E7-4CD4-8ABD-3AD3DAE3C25E}.AppStore|iPhone.ActiveCfg = Release|Any CPU
		{4FD0A79C-A3E7-4CD4-8ABD-3AD3DAE3C25E}.AppStore|iPhone.Build.0 = Release|Any CPU
		{4FD0A79C-A3E7-4CD4-8ABD-3AD3DAE3C25E}.AppStore|iPhoneSimulator.ActiveCfg = Release|Any CPU
		{4FD0A79C-A3E7-4CD4-8ABD-3AD3DAE3C25E}.AppStore|iPhoneSimulator.Build.0 = Release|Any CPU
		{4FD0A79C-A3E7-4CD4-8ABD-3AD3DAE3C25E}.AppStore|x64.ActiveCfg = Release|Any CPU
		{4FD0A79C-A3E7-4CD4-8ABD-3AD3DAE3C25E}.AppStore|x64.Build.0 = Release|Any CPU
		{4FD0A79C-A3E7-4CD4-8ABD-3AD3DAE3C25E}.AppStore|x86.ActiveCfg = Release|Any CPU
		{4FD0A79C-A3E7-4CD4-8ABD-3AD3DAE3C25E}.AppStore|x86.Build.0 = Release|Any CPU
		{4FD0A79C-A3E7-4CD4-8ABD-3AD3DAE3C25E}.Debug|Any CPU.ActiveCfg = Debug|Any CPU
		{4FD0A79C-A3E7-4CD4-8ABD-3AD3DAE3C25E}.Debug|Any CPU.Build.0 = Debug|Any CPU
		{4FD0A79C-A3E7-4CD4-8ABD-3AD3DAE3C25E}.Debug|ARM.ActiveCfg = Debug|Any CPU
		{4FD0A79C-A3E7-4CD4-8ABD-3AD3DAE3C25E}.Debug|ARM.Build.0 = Debug|Any CPU
		{4FD0A79C-A3E7-4CD4-8ABD-3AD3DAE3C25E}.Debug|iPhone.ActiveCfg = Debug|Any CPU
		{4FD0A79C-A3E7-4CD4-8ABD-3AD3DAE3C25E}.Debug|iPhone.Build.0 = Debug|Any CPU
		{4FD0A79C-A3E7-4CD4-8ABD-3AD3DAE3C25E}.Debug|iPhoneSimulator.ActiveCfg = Debug|Any CPU
		{4FD0A79C-A3E7-4CD4-8ABD-3AD3DAE3C25E}.Debug|iPhoneSimulator.Build.0 = Debug|Any CPU
		{4FD0A79C-A3E7-4CD4-8ABD-3AD3DAE3C25E}.Debug|x64.ActiveCfg = Debug|Any CPU
		{4FD0A79C-A3E7-4CD4-8ABD-3AD3DAE3C25E}.Debug|x64.Build.0 = Debug|Any CPU
		{4FD0A79C-A3E7-4CD4-8ABD-3AD3DAE3C25E}.Debug|x86.ActiveCfg = Debug|Any CPU
		{4FD0A79C-A3E7-4CD4-8ABD-3AD3DAE3C25E}.Debug|x86.Build.0 = Debug|Any CPU
		{4FD0A79C-A3E7-4CD4-8ABD-3AD3DAE3C25E}.Release|Any CPU.ActiveCfg = Release|Any CPU
		{4FD0A79C-A3E7-4CD4-8ABD-3AD3DAE3C25E}.Release|Any CPU.Build.0 = Release|Any CPU
		{4FD0A79C-A3E7-4CD4-8ABD-3AD3DAE3C25E}.Release|ARM.ActiveCfg = Release|Any CPU
		{4FD0A79C-A3E7-4CD4-8ABD-3AD3DAE3C25E}.Release|ARM.Build.0 = Release|Any CPU
		{4FD0A79C-A3E7-4CD4-8ABD-3AD3DAE3C25E}.Release|iPhone.ActiveCfg = Release|Any CPU
		{4FD0A79C-A3E7-4CD4-8ABD-3AD3DAE3C25E}.Release|iPhone.Build.0 = Release|Any CPU
		{4FD0A79C-A3E7-4CD4-8ABD-3AD3DAE3C25E}.Release|iPhoneSimulator.ActiveCfg = Release|Any CPU
		{4FD0A79C-A3E7-4CD4-8ABD-3AD3DAE3C25E}.Release|iPhoneSimulator.Build.0 = Release|Any CPU
		{4FD0A79C-A3E7-4CD4-8ABD-3AD3DAE3C25E}.Release|x64.ActiveCfg = Release|Any CPU
		{4FD0A79C-A3E7-4CD4-8ABD-3AD3DAE3C25E}.Release|x64.Build.0 = Release|Any CPU
		{4FD0A79C-A3E7-4CD4-8ABD-3AD3DAE3C25E}.Release|x86.ActiveCfg = Release|Any CPU
		{4FD0A79C-A3E7-4CD4-8ABD-3AD3DAE3C25E}.Release|x86.Build.0 = Release|Any CPU
	EndGlobalSection
	GlobalSection(SolutionProperties) = preSolution
		HideSolutionNode = FALSE
	EndGlobalSection
	GlobalSection(NestedProjects) = preSolution
		{15893267-3728-4DF1-A21C-90081D6446FC} = {5C42C934-54A9-49F1-B2B7-F4C390C65CFD}
		{4F95AD27-F77B-4B50-BFE9-F5FA014AAF39} = {8F74959A-8776-4142-8708-011F9FA67BEB}
		{67F9D3A8-F71E-4428-913F-C37AE82CDB24} = {54534678-7D2D-42A7-8D05-4C0BD7C7C2B4}
		{B44B4BF7-6D1A-4859-BEB6-5C26B685C3CD} = {8FFDD509-8164-474F-9EFA-AFEABE43809C}
		{1F7B8409-F72F-479C-8A3B-3923234DAE42} = {A662C401-3A92-49A2-B3B4-5CC17E1E4F5B}
		{4FD0A79C-A3E7-4CD4-8ABD-3AD3DAE3C25E} = {EF6186D9-C840-44E6-9B2A-6D29CF602408}
	EndGlobalSection
EndGlobal
